
Microsoft Visual Studio Solution File, Format Version 12.00
# Visual Studio Version 17
VisualStudioVersion = 17.10.35122.118
MinimumVisualStudioVersion = 10.0.40219.1
Project("{FAE04EC0-301F-11D3-BF4B-00C04F79EFBC}") = "SeleniumAutoTestRuns", "SeleniumAutoTestRuns\SeleniumAutoTestRuns.csproj", "{0832F8FF-4E8D-41F5-86BD-441E72F8C644}"
EndProject
Global
	GlobalSection(SolutionConfigurationPlatforms) = preSolution
		Debug|Any CPU = Debug|Any CPU
		Release|Any CPU = Release|Any CPU
	EndGlobalSection
	GlobalSection(ProjectConfigurationPlatforms) = postSolution
		{0832F8FF-4E8D-41F5-86BD-441E72F8C644}.Debug|Any CPU.ActiveCfg = Debug|Any CPU
		{0832F8FF-4E8D-41F5-86BD-441E72F8C644}.Debug|Any CPU.Build.0 = Debug|Any CPU
		{0832F8FF-4E8D-41F5-86BD-441E72F8C644}.Release|Any CPU.ActiveCfg = Release|Any CPU
		{0832F8FF-4E8D-41F5-86BD-441E72F8C644}.Release|Any CPU.Build.0 = Release|Any CPU
	EndGlobalSection
	GlobalSection(SolutionProperties) = preSolution
		HideSolutionNode = FALSE
	EndGlobalSection
	GlobalSection(ExtensibilityGlobals) = postSolution
		SolutionGuid = {361931E8-EB00-4F9E-818E-ADD8CE689439}
	EndGlobalSection
EndGlobal
